
Microsoft Visual Studio Solution File, Format Version 12.00
Project("{2150E333-8FDC-42A3-9474-1A3956D46DE8}") = "Src", "Src", "{107A2C92-FE69-4AE6-B75D-4389B7EDDA07}"
EndProject
Project("{2150E333-8FDC-42A3-9474-1A3956D46DE8}") = "Core", "Core", "{4AC51E66-FB4D-4D1F-95A3-AD688217F112}"
EndProject
Project("{FAE04EC0-301F-11D3-BF4B-00C04F79EFBC}") = "Company.Crm.Application", "Src\Core\Company.Crm.Application\Company.Crm.Application.csproj", "{E61F8DFC-B5C9-44D5-A0B8-E09C7C367D76}"
EndProject
Project("{FAE04EC0-301F-11D3-BF4B-00C04F79EFBC}") = "Company.Crm.Domain", "Src\Core\Company.Crm.Domain\Company.Crm.Domain.csproj", "{4767B9FE-8D9F-4DE5-BC66-170A106E9683}"
EndProject
Project("{2150E333-8FDC-42A3-9474-1A3956D46DE8}") = "Infrastructure", "Infrastructure", "{34A2BB0D-CADD-41C9-ABB8-197E812ECD88}"
EndProject
Project("{FAE04EC0-301F-11D3-BF4B-00C04F79EFBC}") = "Company.Crm.Entityframework", "Src\Infrastructure\Company.Crm.Entityframework\Company.Crm.Entityframework.csproj", "{B3343756-50C3-4619-8A57-9C5AD2865654}"
EndProject
Project("{2150E333-8FDC-42A3-9474-1A3956D46DE8}") = "Web", "Web", "{F6E9BA10-A221-4C4D-97A1-F4926C4D6223}"
EndProject
Project("{FAE04EC0-301F-11D3-BF4B-00C04F79EFBC}") = "Company.Crm.Web.Api", "Src\Web\Company.Crm.Web.Api\Company.Crm.Web.Api.csproj", "{93C1F4C1-285A-485C-8A73-698615E643AB}"
EndProject
Project("{FAE04EC0-301F-11D3-BF4B-00C04F79EFBC}") = "Company.Crm.Web.Mvc", "Src\Web\Company.Crm.Web.Mvc\Company.Crm.Web.Mvc.csproj", "{59B7E1E2-2A61-4F58-BAF6-BBAD0CF8106C}"
EndProject
Project("{2150E333-8FDC-42A3-9474-1A3956D46DE8}") = "Framework", "Framework", "{C25B63BB-8531-4A8F-A06D-ADF15D3C3CF9}"
EndProject
Project("{FAE04EC0-301F-11D3-BF4B-00C04F79EFBC}") = "Company.Framework", "Src\Framework\Company.Framework\Company.Framework.csproj", "{76789C7E-120D-42B2-9095-31218DC9F1F5}"
EndProject
Global
	GlobalSection(SolutionConfigurationPlatforms) = preSolution
		Debug|Any CPU = Debug|Any CPU
		Release|Any CPU = Release|Any CPU
	EndGlobalSection
	GlobalSection(NestedProjects) = preSolution
		{4AC51E66-FB4D-4D1F-95A3-AD688217F112} = {107A2C92-FE69-4AE6-B75D-4389B7EDDA07}
		{E61F8DFC-B5C9-44D5-A0B8-E09C7C367D76} = {4AC51E66-FB4D-4D1F-95A3-AD688217F112}
		{4767B9FE-8D9F-4DE5-BC66-170A106E9683} = {4AC51E66-FB4D-4D1F-95A3-AD688217F112}
		{34A2BB0D-CADD-41C9-ABB8-197E812ECD88} = {107A2C92-FE69-4AE6-B75D-4389B7EDDA07}
		{B3343756-50C3-4619-8A57-9C5AD2865654} = {34A2BB0D-CADD-41C9-ABB8-197E812ECD88}
		{F6E9BA10-A221-4C4D-97A1-F4926C4D6223} = {107A2C92-FE69-4AE6-B75D-4389B7EDDA07}
		{93C1F4C1-285A-485C-8A73-698615E643AB} = {F6E9BA10-A221-4C4D-97A1-F4926C4D6223}
		{59B7E1E2-2A61-4F58-BAF6-BBAD0CF8106C} = {F6E9BA10-A221-4C4D-97A1-F4926C4D6223}
		{C25B63BB-8531-4A8F-A06D-ADF15D3C3CF9} = {107A2C92-FE69-4AE6-B75D-4389B7EDDA07}
		{76789C7E-120D-42B2-9095-31218DC9F1F5} = {C25B63BB-8531-4A8F-A06D-ADF15D3C3CF9}
	EndGlobalSection
	GlobalSection(ProjectConfigurationPlatforms) = postSolution
		{E61F8DFC-B5C9-44D5-A0B8-E09C7C367D76}.Debug|Any CPU.ActiveCfg = Debug|Any CPU
		{E61F8DFC-B5C9-44D5-A0B8-E09C7C367D76}.Debug|Any CPU.Build.0 = Debug|Any CPU
		{E61F8DFC-B5C9-44D5-A0B8-E09C7C367D76}.Release|Any CPU.ActiveCfg = Release|Any CPU
		{E61F8DFC-B5C9-44D5-A0B8-E09C7C367D76}.Release|Any CPU.Build.0 = Release|Any CPU
		{4767B9FE-8D9F-4DE5-BC66-170A106E9683}.Debug|Any CPU.ActiveCfg = Debug|Any CPU
		{4767B9FE-8D9F-4DE5-BC66-170A106E9683}.Debug|Any CPU.Build.0 = Debug|Any CPU
		{4767B9FE-8D9F-4DE5-BC66-170A106E9683}.Release|Any CPU.ActiveCfg = Release|Any CPU
		{4767B9FE-8D9F-4DE5-BC66-170A106E9683}.Release|Any CPU.Build.0 = Release|Any CPU
		{B3343756-50C3-4619-8A57-9C5AD2865654}.Debug|Any CPU.ActiveCfg = Debug|Any CPU
		{B3343756-50C3-4619-8A57-9C5AD2865654}.Debug|Any CPU.Build.0 = Debug|Any CPU
		{B3343756-50C3-4619-8A57-9C5AD2865654}.Release|Any CPU.ActiveCfg = Release|Any CPU
		{B3343756-50C3-4619-8A57-9C5AD2865654}.Release|Any CPU.Build.0 = Release|Any CPU
		{93C1F4C1-285A-485C-8A73-698615E643AB}.Debug|Any CPU.ActiveCfg = Debug|Any CPU
		{93C1F4C1-285A-485C-8A73-698615E643AB}.Debug|Any CPU.Build.0 = Debug|Any CPU
		{93C1F4C1-285A-485C-8A73-698615E643AB}.Release|Any CPU.ActiveCfg = Release|Any CPU
		{93C1F4C1-285A-485C-8A73-698615E643AB}.Release|Any CPU.Build.0 = Release|Any CPU
		{59B7E1E2-2A61-4F58-BAF6-BBAD0CF8106C}.Debug|Any CPU.ActiveCfg = Debug|Any CPU
		{59B7E1E2-2A61-4F58-BAF6-BBAD0CF8106C}.Debug|Any CPU.Build.0 = Debug|Any CPU
		{59B7E1E2-2A61-4F58-BAF6-BBAD0CF8106C}.Release|Any CPU.ActiveCfg = Release|Any CPU
		{59B7E1E2-2A61-4F58-BAF6-BBAD0CF8106C}.Release|Any CPU.Build.0 = Release|Any CPU
		{76789C7E-120D-42B2-9095-31218DC9F1F5}.Debug|Any CPU.ActiveCfg = Debug|Any CPU
		{76789C7E-120D-42B2-9095-31218DC9F1F5}.Debug|Any CPU.Build.0 = Debug|Any CPU
		{76789C7E-120D-42B2-9095-31218DC9F1F5}.Release|Any CPU.ActiveCfg = Release|Any CPU
		{76789C7E-120D-42B2-9095-31218DC9F1F5}.Release|Any CPU.Build.0 = Release|Any CPU
	EndGlobalSection
EndGlobal
